
Microsoft Visual Studio Solution File, Format Version 12.00
# Visual Studio 15
VisualStudioVersion = 15.0.28307.421
MinimumVisualStudioVersion = 10.0.40219.1
Project("{FAE04EC0-301F-11D3-BF4B-00C04F79EFBC}") = "CrudProject", "CrudProject\CrudProject.csproj", "{368A68F4-D4A3-46E4-836E-C858601281A2}"
EndProject
Global
	GlobalSection(SolutionConfigurationPlatforms) = preSolution
		Debug|Any CPU = Debug|Any CPU
		Release|Any CPU = Release|Any CPU
	EndGlobalSection
	GlobalSection(ProjectConfigurationPlatforms) = postSolution
		{368A68F4-D4A3-46E4-836E-C858601281A2}.Debug|Any CPU.ActiveCfg = Debug|Any CPU
		{368A68F4-D4A3-46E4-836E-C858601281A2}.Debug|Any CPU.Build.0 = Debug|Any CPU
		{368A68F4-D4A3-46E4-836E-C858601281A2}.Release|Any CPU.ActiveCfg = Release|Any CPU
		{368A68F4-D4A3-46E4-836E-C858601281A2}.Release|Any CPU.Build.0 = Release|Any CPU
	EndGlobalSection
	GlobalSection(SolutionProperties) = preSolution
		HideSolutionNode = FALSE
	EndGlobalSection
	GlobalSection(ExtensibilityGlobals) = postSolution
		SolutionGuid = {0C7D411D-932A-436C-B55A-FC551660421A}
	EndGlobalSection
EndGlobal
